Microsoft Visual Studio Solution File, Format Version 12.00
# Visual Studio 15
VisualStudioVersion = 15.0.28307.421
MinimumVisualStudioVersion = 10.0.40219.1
Project("{FAE04EC0-301F-11D3-BF4B-00C04F79EFBC}") = "TEMPO.BusinessLayer", "TEMPO.BusinessLayer\TEMPO.BusinessLayer.csproj", "{8E47C656-CAC5-4058-9CCC-1CDC9E3711A7}"
EndProject
Project("{FAE04EC0-301F-11D3-BF4B-00C04F79EFBC}") = "TEMPO.Data", "TEMPO.Data\TEMPO.Data.csproj", "{3DA77959-17D5-48A5-8262-E8AF5968391F}"
EndProject
Project("{FAE04EC0-301F-11D3-BF4B-00C04F79EFBC}") = "TEMPO.WebApp", "TEMPO.WebApp\TEMPO.WebApp.csproj", "{D4ACBADE-9D85-4F69-8DE8-4EDD3523DF6D}"
EndProject
Project("{FAE04EC0-301F-11D3-BF4B-00C04F79EFBC}") = "TEMPO.Model", "TEMPO.Model\TEMPO.Model.csproj", "{2BA3640A-C5C4-4553-B3B3-864B396D3B9D}"
EndProject
Global
	GlobalSection(SolutionConfigurationPlatforms) = preSolution
		Debug__mstuart__02272003_refactoring|.NET = Debug__mstuart__02272003_refactoring|.NET
		Debug__mstuart__02272003_refactoring|Any CPU = Debug__mstuart__02272003_refactoring|Any CPU
		Debug__mstuart__02272003_refactoring|Mixed Platforms = Debug__mstuart__02272003_refactoring|Mixed Platforms
		Debug__mstuart__02272003_refactoring|x86 = Debug__mstuart__02272003_refactoring|x86
		Debug|.NET = Debug|.NET
		Debug|Any CPU = Debug|Any CPU
		Debug|Mixed Platforms = Debug|Mixed Platforms
		Debug|x86 = Debug|x86
		Production|.NET = Production|.NET
		Production|Any CPU = Production|Any CPU
		Production|Mixed Platforms = Production|Mixed Platforms
		Production|x86 = Production|x86
		Release|.NET = Release|.NET
		Release|Any CPU = Release|Any CPU
		Release|Mixed Platforms = Release|Mixed Platforms
		Release|x86 = Release|x86
	EndGlobalSection
	GlobalSection(ProjectConfigurationPlatforms) = postSolution
		{8E47C656-CAC5-4058-9CCC-1CDC9E3711A7}.Debug__mstuart__02272003_refactoring|.NET.ActiveCfg = Debug|Any CPU
		{8E47C656-CAC5-4058-9CCC-1CDC9E3711A7}.Debug__mstuart__02272003_refactoring|Any CPU.ActiveCfg = Debug|Any CPU
		{8E47C656-CAC5-4058-9CCC-1CDC9E3711A7}.Debug__mstuart__02272003_refactoring|Any CPU.Build.0 = Debug|Any CPU
		{8E47C656-CAC5-4058-9CCC-1CDC9E3711A7}.Debug__mstuart__02272003_refactoring|Mixed Platforms.ActiveCfg = Debug|Any CPU
		{8E47C656-CAC5-4058-9CCC-1CDC9E3711A7}.Debug__mstuart__02272003_refactoring|Mixed Platforms.Build.0 = Debug|Any CPU
		{8E47C656-CAC5-4058-9CCC-1CDC9E3711A7}.Debug__mstuart__02272003_refactoring|x86.ActiveCfg = Debug|Any CPU
		{8E47C656-CAC5-4058-9CCC-1CDC9E3711A7}.Debug|.NET.ActiveCfg = Debug|Any CPU
		{8E47C656-CAC5-4058-9CCC-1CDC9E3711A7}.Debug|.NET.Build.0 = Debug|Any CPU
		{8E47C656-CAC5-4058-9CCC-1CDC9E3711A7}.Debug|Any CPU.ActiveCfg = Debug|Any CPU
		{8E47C656-CAC5-4058-9CCC-1CDC9E3711A7}.Debug|Any CPU.Build.0 = Debug|Any CPU
		{8E47C656-CAC5-4058-9CCC-1CDC9E3711A7}.Debug|Mixed Platforms.ActiveCfg = Debug|Any CPU
		{8E47C656-CAC5-4058-9CCC-1CDC9E3711A7}.Debug|Mixed Platforms.Build.0 = Debug|Any CPU
		{8E47C656-CAC5-4058-9CCC-1CDC9E3711A7}.Debug|x86.ActiveCfg = Debug|Any CPU
		{8E47C656-CAC5-4058-9CCC-1CDC9E3711A7}.Production|.NET.ActiveCfg = Release|Any CPU
		{8E47C656-CAC5-4058-9CCC-1CDC9E3711A7}.Production|Any CPU.ActiveCfg = Release|Any CPU
		{8E47C656-CAC5-4058-9CCC-1CDC9E3711A7}.Production|Any CPU.Build.0 = Release|Any CPU
		{8E47C656-CAC5-4058-9CCC-1CDC9E3711A7}.Production|Mixed Platforms.ActiveCfg = Release|Any CPU
		{8E47C656-CAC5-4058-9CCC-1CDC9E3711A7}.Production|Mixed Platforms.Build.0 = Release|Any CPU
		{8E47C656-CAC5-4058-9CCC-1CDC9E3711A7}.Production|x86.ActiveCfg = Release|Any CPU
		{8E47C656-CAC5-4058-9CCC-1CDC9E3711A7}.Release|.NET.ActiveCfg = Release|Any CPU
		{8E47C656-CAC5-4058-9CCC-1CDC9E3711A7}.Release|.NET.Build.0 = Release|Any CPU
		{8E47C656-CAC5-4058-9CCC-1CDC9E3711A7}.Release|Any CPU.ActiveCfg = Release|Any CPU
		{8E47C656-CAC5-4058-9CCC-1CDC9E3711A7}.Release|Any CPU.Build.0 = Release|Any CPU
		{8E47C656-CAC5-4058-9CCC-1CDC9E3711A7}.Release|Mixed Platforms.ActiveCfg = Release|Any CPU
		{8E47C656-CAC5-4058-9CCC-1CDC9E3711A7}.Release|Mixed Platforms.Build.0 = Release|Any CPU
		{8E47C656-CAC5-4058-9CCC-1CDC9E3711A7}.Release|x86.ActiveCfg = Release|Any CPU
		{3DA77959-17D5-48A5-8262-E8AF5968391F}.Debug__mstuart__02272003_refactoring|.NET.ActiveCfg = Debug|Any CPU
		{3DA77959-17D5-48A5-8262-E8AF5968391F}.Debug__mstuart__02272003_refactoring|.NET.Build.0 = Debug|Any CPU
		{3DA77959-17D5-48A5-8262-E8AF5968391F}.Debug__mstuart__02272003_refactoring|Any CPU.ActiveCfg = Debug|Any CPU
		{3DA77959-17D5-48A5-8262-E8AF5968391F}.Debug__mstuart__02272003_refactoring|Any CPU.Build.0 = Debug|Any CPU
		{3DA77959-17D5-48A5-8262-E8AF5968391F}.Debug__mstuart__02272003_refactoring|Mixed Platforms.ActiveCfg = Debug|Any CPU
		{3DA77959-17D5-48A5-8262-E8AF5968391F}.Debug__mstuart__02272003_refactoring|Mixed Platforms.Build.0 = Debug|Any CPU
		{3DA77959-17D5-48A5-8262-E8AF5968391F}.Debug__mstuart__02272003_refactoring|x86.ActiveCfg = Debug|Any CPU
		{3DA77959-17D5-48A5-8262-E8AF5968391F}.Debug__mstuart__02272003_refactoring|x86.Build.0 = Debug|Any CPU
		{3DA77959-17D5-48A5-8262-E8AF5968391F}.Debug|.NET.ActiveCfg = Debug|Any CPU
		{3DA77959-17D5-48A5-8262-E8AF5968391F}.Debug|.NET.Build.0 = Debug|Any CPU
		{3DA77959-17D5-48A5-8262-E8AF5968391F}.Debug|Any CPU.ActiveCfg = Debug|Any CPU
		{3DA77959-17D5-48A5-8262-E8AF5968391F}.Debug|Any CPU.Build.0 = Debug|Any CPU
		{3DA77959-17D5-48A5-8262-E8AF5968391F}.Debug|Mixed Platforms.ActiveCfg = Debug|Any CPU
		{3DA77959-17D5-48A5-8262-E8AF5968391F}.Debug|Mixed Platforms.Build.0 = Debug|Any CPU
		{3DA77959-17D5-48A5-8262-E8AF5968391F}.Debug|x86.ActiveCfg = Debug|Any CPU
		{3DA77959-17D5-48A5-8262-E8AF5968391F}.Debug|x86.Build.0 = Debug|Any CPU
		{3DA77959-17D5-48A5-8262-E8AF5968391F}.Production|.NET.ActiveCfg = Release|Any CPU
		{3DA77959-17D5-48A5-8262-E8AF5968391F}.Production|.NET.Build.0 = Release|Any CPU
		{3DA77959-17D5-48A5-8262-E8AF5968391F}.Production|Any CPU.ActiveCfg = Release|Any CPU
		{3DA77959-17D5-48A5-8262-E8AF5968391F}.Production|Any CPU.Build.0 = Release|Any CPU
		{3DA77959-17D5-48A5-8262-E8AF5968391F}.Production|Mixed Platforms.ActiveCfg = Release|Any CPU
		{3DA77959-17D5-48A5-8262-E8AF5968391F}.Production|Mixed Platforms.Build.0 = Release|Any CPU
		{3DA77959-17D5-48A5-8262-E8AF5968391F}.Production|x86.ActiveCfg = Release|Any CPU
		{3DA77959-17D5-48A5-8262-E8AF5968391F}.Production|x86.Build.0 = Release|Any CPU
		{3DA77959-17D5-48A5-8262-E8AF5968391F}.Release|.NET.ActiveCfg = Release|Any CPU
		{3DA77959-17D5-48A5-8262-E8AF5968391F}.Release|.NET.Build.0 = Release|Any CPU
		{3DA77959-17D5-48A5-8262-E8AF5968391F}.Release|Any CPU.ActiveCfg = Release|Any CPU
		{3DA77959-17D5-48A5-8262-E8AF5968391F}.Release|Any CPU.Build.0 = Release|Any CPU
		{3DA77959-17D5-48A5-8262-E8AF5968391F}.Release|Mixed Platforms.ActiveCfg = Release|Any CPU
		{3DA77959-17D5-48A5-8262-E8AF5968391F}.Release|Mixed Platforms.Build.0 = Release|Any CPU
		{3DA77959-17D5-48A5-8262-E8AF5968391F}.Release|x86.ActiveCfg = Release|Any CPU
		{3DA77959-17D5-48A5-8262-E8AF5968391F}.Release|x86.Build.0 = Release|Any CPU
		{D4ACBADE-9D85-4F69-8DE8-4EDD3523DF6D}.Debug__mstuart__02272003_refactoring|.NET.ActiveCfg = Debug|Any CPU
		{D4ACBADE-9D85-4F69-8DE8-4EDD3523DF6D}.Debug__mstuart__02272003_refactoring|.NET.Build.0 = Debug|Any CPU
		{D4ACBADE-9D85-4F69-8DE8-4EDD3523DF6D}.Debug__mstuart__02272003_refactoring|Any CPU.ActiveCfg = Debug|Any CPU
		{D4ACBADE-9D85-4F69-8DE8-4EDD3523DF6D}.Debug__mstuart__02272003_refactoring|Any CPU.Build.0 = Debug|Any CPU
		{D4ACBADE-9D85-4F69-8DE8-4EDD3523DF6D}.Debug__mstuart__02272003_refactoring|Mixed Platforms.ActiveCfg = Debug|Any CPU
		{D4ACBADE-9D85-4F69-8DE8-4EDD3523DF6D}.Debug__mstuart__02272003_refactoring|Mixed Platforms.Build.0 = Debug|Any CPU
		{D4ACBADE-9D85-4F69-8DE8-4EDD3523DF6D}.Debug__mstuart__02272003_refactoring|x86.ActiveCfg = Debug|Any CPU
		{D4ACBADE-9D85-4F69-8DE8-4EDD3523DF6D}.Debug__mstuart__02272003_refactoring|x86.Build.0 = Debug|Any CPU
		{D4ACBADE-9D85-4F69-8DE8-4EDD3523DF6D}.Debug|.NET.ActiveCfg = Debug|Any CPU
		{D4ACBADE-9D85-4F69-8DE8-4EDD3523DF6D}.Debug|.NET.Build.0 = Debug|Any CPU
		{D4ACBADE-9D85-4F69-8DE8-4EDD3523DF6D}.Debug|Any CPU.ActiveCfg = Debug|Any CPU
		{D4ACBADE-9D85-4F69-8DE8-4EDD3523DF6D}.Debug|Any CPU.Build.0 = Debug|Any CPU
		{D4ACBADE-9D85-4F69-8DE8-4EDD3523DF6D}.Debug|Mixed Platforms.ActiveCfg = Debug|Any CPU
		{D4ACBADE-9D85-4F69-8DE8-4EDD3523DF6D}.Debug|Mixed Platforms.Build.0 = Debug|Any CPU
		{D4ACBADE-9D85-4F69-8DE8-4EDD3523DF6D}.Debug|x86.ActiveCfg = Debug|Any CPU
		{D4ACBADE-9D85-4F69-8DE8-4EDD3523DF6D}.Debug|x86.Build.0 = Debug|Any CPU
		{D4ACBADE-9D85-4F69-8DE8-4EDD3523DF6D}.Production|.NET.ActiveCfg = Release|Any CPU
		{D4ACBADE-9D85-4F69-8DE8-4EDD3523DF6D}.Production|.NET.Build.0 = Release|Any CPU
		{D4ACBADE-9D85-4F69-8DE8-4EDD3523DF6D}.Production|Any CPU.ActiveCfg = Release|Any CPU
		{D4ACBADE-9D85-4F69-8DE8-4EDD3523DF6D}.Production|Any CPU.Build.0 = Release|Any CPU
		{D4ACBADE-9D85-4F69-8DE8-4EDD3523DF6D}.Production|Mixed Platforms.ActiveCfg = Release|Any CPU
		{D4ACBADE-9D85-4F69-8DE8-4EDD3523DF6D}.Production|Mixed Platforms.Build.0 = Release|Any CPU
		{D4ACBADE-9D85-4F69-8DE8-4EDD3523DF6D}.Production|x86.ActiveCfg = Release|Any CPU
		{D4ACBADE-9D85-4F69-8DE8-4EDD3523DF6D}.Production|x86.Build.0 = Release|Any CPU
		{D4ACBADE-9D85-4F69-8DE8-4EDD3523DF6D}.Release|.NET.ActiveCfg = Release|Any CPU
		{D4ACBADE-9D85-4F69-8DE8-4EDD3523DF6D}.Release|.NET.Build.0 = Release|Any CPU
		{D4ACBADE-9D85-4F69-8DE8-4EDD3523DF6D}.Release|Any CPU.ActiveCfg = Release|Any CPU
		{D4ACBADE-9D85-4F69-8DE8-4EDD3523DF6D}.Release|Any CPU.Build.0 = Release|Any CPU
		{D4ACBADE-9D85-4F69-8DE8-4EDD3523DF6D}.Release|Mixed Platforms.ActiveCfg = Release|Any CPU
		{D4ACBADE-9D85-4F69-8DE8-4EDD3523DF6D}.Release|Mixed Platforms.Build.0 = Release|Any CPU
		{D4ACBADE-9D85-4F69-8DE8-4EDD3523DF6D}.Release|x86.ActiveCfg = Release|Any CPU
		{D4ACBADE-9D85-4F69-8DE8-4EDD3523DF6D}.Release|x86.Build.0 = Release|Any CPU
		{2BA3640A-C5C4-4553-B3B3-864B396D3B9D}.Debug__mstuart__02272003_refactoring|.NET.ActiveCfg = Debug|Any CPU
		{2BA3640A-C5C4-4553-B3B3-864B396D3B9D}.Debug__mstuart__02272003_refactoring|.NET.Build.0 = Debug|Any CPU
		{2BA3640A-C5C4-4553-B3B3-864B396D3B9D}.Debug__mstuart__02272003_refactoring|Any CPU.ActiveCfg = Debug|Any CPU
		{2BA3640A-C5C4-4553-B3B3-864B396D3B9D}.Debug__mstuart__02272003_refactoring|Any CPU.Build.0 = Debug|Any CPU
		{2BA3640A-C5C4-4553-B3B3-864B396D3B9D}.Debug__mstuart__02272003_refactoring|Mixed Platforms.ActiveCfg = Debug|Any CPU
		{2BA3640A-C5C4-4553-B3B3-864B396D3B9D}.Debug__mstuart__02272003_refactoring|Mixed Platforms.Build.0 = Debug|Any CPU
		{2BA3640A-C5C4-4553-B3B3-864B396D3B9D}.Debug__mstuart__02272003_refactoring|x86.ActiveCfg = Debug|Any CPU
		{2BA3640A-C5C4-4553-B3B3-864B396D3B9D}.Debug__mstuart__02272003_refactoring|x86.Build.0 = Debug|Any CPU
		{2BA3640A-C5C4-4553-B3B3-864B396D3B9D}.Debug|.NET.ActiveCfg = Debug|Any CPU
		{2BA3640A-C5C4-4553-B3B3-864B396D3B9D}.Debug|.NET.Build.0 = Debug|Any CPU
		{2BA3640A-C5C4-4553-B3B3-864B396D3B9D}.Debug|Any CPU.ActiveCfg = Debug|Any CPU
		{2BA3640A-C5C4-4553-B3B3-864B396D3B9D}.Debug|Any CPU.Build.0 = Debug|Any CPU
		{2BA3640A-C5C4-4553-B3B3-864B396D3B9D}.Debug|Mixed Platforms.ActiveCfg = Debug|Any CPU
		{2BA3640A-C5C4-4553-B3B3-864B396D3B9D}.Debug|Mixed Platforms.Build.0 = Debug|Any CPU
		{2BA3640A-C5C4-4553-B3B3-864B396D3B9D}.Debug|x86.ActiveCfg = Debug|Any CPU
		{2BA3640A-C5C4-4553-B3B3-864B396D3B9D}.Debug|x86.Build.0 = Debug|Any CPU
		{2BA3640A-C5C4-4553-B3B3-864B396D3B9D}.Production|.NET.ActiveCfg = Release|Any CPU
		{2BA3640A-C5C4-4553-B3B3-864B396D3B9D}.Production|.NET.Build.0 = Release|Any CPU
		{2BA3640A-C5C4-4553-B3B3-864B396D3B9D}.Production|Any CPU.ActiveCfg = Release|Any CPU
		{2BA3640A-C5C4-4553-B3B3-864B396D3B9D}.Production|Any CPU.Build.0 = Release|Any CPU
		{2BA3640A-C5C4-4553-B3B3-864B396D3B9D}.Production|Mixed Platforms.ActiveCfg = Release|Any CPU
		{2BA3640A-C5C4-4553-B3B3-864B396D3B9D}.Production|Mixed Platforms.Build.0 = Release|Any CPU
		{2BA3640A-C5C4-4553-B3B3-864B396D3B9D}.Production|x86.ActiveCfg = Release|Any CPU
		{2BA3640A-C5C4-4553-B3B3-864B396D3B9D}.Production|x86.Build.0 = Release|Any CPU
		{2BA3640A-C5C4-4553-B3B3-864B396D3B9D}.Release|.NET.ActiveCfg = Release|Any CPU
		{2BA3640A-C5C4-4553-B3B3-864B396D3B9D}.Release|.NET.Build.0 = Release|Any CPU
		{2BA3640A-C5C4-4553-B3B3-864B396D3B9D}.Release|Any CPU.ActiveCfg = Release|Any CPU
		{2BA3640A-C5C4-4553-B3B3-864B396D3B9D}.Release|Any CPU.Build.0 = Release|Any CPU
		{2BA3640A-C5C4-4553-B3B3-864B396D3B9D}.Release|Mixed Platforms.ActiveCfg = Release|Any CPU
		{2BA3640A-C5C4-4553-B3B3-864B396D3B9D}.Release|Mixed Platforms.Build.0 = Release|Any CPU
		{2BA3640A-C5C4-4553-B3B3-864B396D3B9D}.Release|x86.ActiveCfg = Release|Any CPU
		{2BA3640A-C5C4-4553-B3B3-864B396D3B9D}.Release|x86.Build.0 = Release|Any CPU
	EndGlobalSection
	GlobalSection(SolutionProperties) = preSolution
		HideSolutionNode = FALSE
	EndGlobalSection
	GlobalSection(ExtensibilityGlobals) = postSolution
		SolutionGuid = {6E4CC870-121F-4ADD-B842-43C2B2DE4480}
	EndGlobalSection
EndGlobal
