Microsoft Visual Studio Solution File, Format Version 12.00
# Visual Studio 14
VisualStudioVersion = 14.0.25420.1
MinimumVisualStudioVersion = 10.0.40219.1
Project("{FAE04EC0-301F-11D3-BF4B-00C04F79EFBC}") = "Client", "TEMPOClient\Client.csproj", "{48895090-6F3A-4F9B-BF47-BA566E650326}"
EndProject
Project("{FAE04EC0-301F-11D3-BF4B-00C04F79EFBC}") = "TEMPO.DALC", "TEMPO.DALC\TEMPO.DALC.csproj", "{DDD7863F-FCF2-4DBC-849B-FA174A67240F}"
EndProject
Project("{FAE04EC0-301F-11D3-BF4B-00C04F79EFBC}") = "TEMPO.BusinessEntity", "TEMPO.BusinessEntity\TEMPO.BusinessEntity.csproj", "{93665123-25B5-4FA7-A9C0-D4694AAD8F4F}"
EndProject
Project("{FAE04EC0-301F-11D3-BF4B-00C04F79EFBC}") = "TEMPO.RequestBroker", "TEMPO.RequestBroker\TEMPO.RequestBroker.csproj", "{18C8490C-7B8C-4E98-B32A-C9807DB9552E}"
EndProject
Project("{FAE04EC0-301F-11D3-BF4B-00C04F79EFBC}") = "TEMPO.BusinessLayer", "TEMPO.BusinessLayer\TEMPO.BusinessLayer.csproj", "{8E47C656-CAC5-4058-9CCC-1CDC9E3711A7}"
EndProject
Project("{FAE04EC0-301F-11D3-BF4B-00C04F79EFBC}") = "TEMPO.Authorization", "TEMPO.Authorization\TEMPO.Authorization.csproj", "{FFC07737-BC56-4CD2-9949-C469EA0A1493}"
EndProject
Project("{E24C65DC-7377-472B-9ABA-BC803B73C61A}") = "TEMPO.ServiceInterface", "TEMPO.ServiceInterface\", "{289EF4E0-AA51-4FF7-A2A2-74AEAC3FB6C8}"
	ProjectSection(WebsiteProperties) = preProject
		TargetFrameworkMoniker = ".NETFramework,Version%3Dv4.5"
		Debug.AspNetCompiler.VirtualPath = "/TEMPO.ServiceInterface"
		Debug.AspNetCompiler.PhysicalPath = "TEMPO.ServiceInterface\"
		Debug.AspNetCompiler.TargetPath = "PrecompiledWeb\TEMPO.ServiceInterface\"
		Debug.AspNetCompiler.Updateable = "true"
		Debug.AspNetCompiler.ForceOverwrite = "true"
		Debug.AspNetCompiler.FixedNames = "false"
		Debug.AspNetCompiler.Debug = "True"
		Release.AspNetCompiler.VirtualPath = "/TEMPO.ServiceInterface"
		Release.AspNetCompiler.PhysicalPath = "TEMPO.ServiceInterface\"
		Release.AspNetCompiler.TargetPath = "PrecompiledWeb\TEMPO.ServiceInterface\"
		Release.AspNetCompiler.Updateable = "true"
		Release.AspNetCompiler.ForceOverwrite = "true"
		Release.AspNetCompiler.FixedNames = "false"
		Release.AspNetCompiler.Debug = "False"
		VWDPort = "56098"
		SlnRelativePath = "TEMPO.ServiceInterface\"
	EndProjectSection
EndProject
Project("{2150E333-8FDC-42A3-9474-1A3956D46DE8}") = "Front-End", "Front-End", "{F24BF433-425B-4199-8C03-41FC64DBE764}"
EndProject
Project("{FAE04EC0-301F-11D3-BF4B-00C04F79EFBC}") = "TEMPO.WebApi", "TEMPO.WebApi\TEMPO.WebApi.csproj", "{E0AB2D43-550C-4041-AFA4-04D261718A2F}"
EndProject
Project("{00D1A9C2-B5F0-4AF3-8072-F6C62B433612}") = "TEMPO.DB", "TEMPO.DB\TEMPO.DB.sqlproj", "{9DF7769F-5CC6-4BE7-844A-F8F0C5459330}"
EndProject
Project("{FAE04EC0-301F-11D3-BF4B-00C04F79EFBC}") = "TEMPO.Data", "TEMPO.Data\TEMPO.Data.csproj", "{3DA77959-17D5-48A5-8262-E8AF5968391F}"
EndProject
Global
	GlobalSection(SolutionConfigurationPlatforms) = preSolution
		Debug__mstuart__02272003_refactoring|.NET = Debug__mstuart__02272003_refactoring|.NET
		Debug__mstuart__02272003_refactoring|Any CPU = Debug__mstuart__02272003_refactoring|Any CPU
		Debug__mstuart__02272003_refactoring|Mixed Platforms = Debug__mstuart__02272003_refactoring|Mixed Platforms
		Debug__mstuart__02272003_refactoring|x86 = Debug__mstuart__02272003_refactoring|x86
		Debug|.NET = Debug|.NET
		Debug|Any CPU = Debug|Any CPU
		Debug|Mixed Platforms = Debug|Mixed Platforms
		Debug|x86 = Debug|x86
		Production|.NET = Production|.NET
		Production|Any CPU = Production|Any CPU
		Production|Mixed Platforms = Production|Mixed Platforms
		Production|x86 = Production|x86
		Release|.NET = Release|.NET
		Release|Any CPU = Release|Any CPU
		Release|Mixed Platforms = Release|Mixed Platforms
		Release|x86 = Release|x86
	EndGlobalSection
	GlobalSection(ProjectConfigurationPlatforms) = postSolution
		{48895090-6F3A-4F9B-BF47-BA566E650326}.Debug__mstuart__02272003_refactoring|.NET.ActiveCfg = Debug|Any CPU
		{48895090-6F3A-4F9B-BF47-BA566E650326}.Debug__mstuart__02272003_refactoring|Any CPU.ActiveCfg = Debug|Any CPU
		{48895090-6F3A-4F9B-BF47-BA566E650326}.Debug__mstuart__02272003_refactoring|Any CPU.Build.0 = Debug|Any CPU
		{48895090-6F3A-4F9B-BF47-BA566E650326}.Debug__mstuart__02272003_refactoring|Mixed Platforms.ActiveCfg = Debug|Any CPU
		{48895090-6F3A-4F9B-BF47-BA566E650326}.Debug__mstuart__02272003_refactoring|Mixed Platforms.Build.0 = Debug|Any CPU
		{48895090-6F3A-4F9B-BF47-BA566E650326}.Debug__mstuart__02272003_refactoring|x86.ActiveCfg = Debug|x86
		{48895090-6F3A-4F9B-BF47-BA566E650326}.Debug__mstuart__02272003_refactoring|x86.Build.0 = Debug|x86
		{48895090-6F3A-4F9B-BF47-BA566E650326}.Debug|.NET.ActiveCfg = Debug|Any CPU
		{48895090-6F3A-4F9B-BF47-BA566E650326}.Debug|.NET.Build.0 = Debug|Any CPU
		{48895090-6F3A-4F9B-BF47-BA566E650326}.Debug|Any CPU.ActiveCfg = Debug|Any CPU
		{48895090-6F3A-4F9B-BF47-BA566E650326}.Debug|Any CPU.Build.0 = Debug|Any CPU
		{48895090-6F3A-4F9B-BF47-BA566E650326}.Debug|Mixed Platforms.ActiveCfg = Debug|Any CPU
		{48895090-6F3A-4F9B-BF47-BA566E650326}.Debug|Mixed Platforms.Build.0 = Debug|Any CPU
		{48895090-6F3A-4F9B-BF47-BA566E650326}.Debug|x86.ActiveCfg = Debug|x86
		{48895090-6F3A-4F9B-BF47-BA566E650326}.Debug|x86.Build.0 = Debug|x86
		{48895090-6F3A-4F9B-BF47-BA566E650326}.Production|.NET.ActiveCfg = Release|Any CPU
		{48895090-6F3A-4F9B-BF47-BA566E650326}.Production|Any CPU.ActiveCfg = Release|Any CPU
		{48895090-6F3A-4F9B-BF47-BA566E650326}.Production|Any CPU.Build.0 = Release|Any CPU
		{48895090-6F3A-4F9B-BF47-BA566E650326}.Production|Mixed Platforms.ActiveCfg = Release|Any CPU
		{48895090-6F3A-4F9B-BF47-BA566E650326}.Production|Mixed Platforms.Build.0 = Release|Any CPU
		{48895090-6F3A-4F9B-BF47-BA566E650326}.Production|x86.ActiveCfg = Release|x86
		{48895090-6F3A-4F9B-BF47-BA566E650326}.Production|x86.Build.0 = Release|x86
		{48895090-6F3A-4F9B-BF47-BA566E650326}.Release|.NET.ActiveCfg = Release|Any CPU
		{48895090-6F3A-4F9B-BF47-BA566E650326}.Release|.NET.Build.0 = Release|Any CPU
		{48895090-6F3A-4F9B-BF47-BA566E650326}.Release|Any CPU.ActiveCfg = Release|Any CPU
		{48895090-6F3A-4F9B-BF47-BA566E650326}.Release|Any CPU.Build.0 = Release|Any CPU
		{48895090-6F3A-4F9B-BF47-BA566E650326}.Release|Mixed Platforms.ActiveCfg = Release|Any CPU
		{48895090-6F3A-4F9B-BF47-BA566E650326}.Release|Mixed Platforms.Build.0 = Release|Any CPU
		{48895090-6F3A-4F9B-BF47-BA566E650326}.Release|x86.ActiveCfg = Release|x86
		{48895090-6F3A-4F9B-BF47-BA566E650326}.Release|x86.Build.0 = Release|x86
		{DDD7863F-FCF2-4DBC-849B-FA174A67240F}.Debug__mstuart__02272003_refactoring|.NET.ActiveCfg = Debug|Any CPU
		{DDD7863F-FCF2-4DBC-849B-FA174A67240F}.Debug__mstuart__02272003_refactoring|Any CPU.ActiveCfg = Debug|Any CPU
		{DDD7863F-FCF2-4DBC-849B-FA174A67240F}.Debug__mstuart__02272003_refactoring|Any CPU.Build.0 = Debug|Any CPU
		{DDD7863F-FCF2-4DBC-849B-FA174A67240F}.Debug__mstuart__02272003_refactoring|Mixed Platforms.ActiveCfg = Debug|Any CPU
		{DDD7863F-FCF2-4DBC-849B-FA174A67240F}.Debug__mstuart__02272003_refactoring|Mixed Platforms.Build.0 = Debug|Any CPU
		{DDD7863F-FCF2-4DBC-849B-FA174A67240F}.Debug__mstuart__02272003_refactoring|x86.ActiveCfg = Debug|Any CPU
		{DDD7863F-FCF2-4DBC-849B-FA174A67240F}.Debug|.NET.ActiveCfg = Debug|Any CPU
		{DDD7863F-FCF2-4DBC-849B-FA174A67240F}.Debug|.NET.Build.0 = Debug|Any CPU
		{DDD7863F-FCF2-4DBC-849B-FA174A67240F}.Debug|Any CPU.ActiveCfg = Debug|Any CPU
		{DDD7863F-FCF2-4DBC-849B-FA174A67240F}.Debug|Any CPU.Build.0 = Debug|Any CPU
		{DDD7863F-FCF2-4DBC-849B-FA174A67240F}.Debug|Mixed Platforms.ActiveCfg = Debug|Any CPU
		{DDD7863F-FCF2-4DBC-849B-FA174A67240F}.Debug|Mixed Platforms.Build.0 = Debug|Any CPU
		{DDD7863F-FCF2-4DBC-849B-FA174A67240F}.Debug|x86.ActiveCfg = Debug|Any CPU
		{DDD7863F-FCF2-4DBC-849B-FA174A67240F}.Production|.NET.ActiveCfg = Release|Any CPU
		{DDD7863F-FCF2-4DBC-849B-FA174A67240F}.Production|Any CPU.ActiveCfg = Release|Any CPU
		{DDD7863F-FCF2-4DBC-849B-FA174A67240F}.Production|Any CPU.Build.0 = Release|Any CPU
		{DDD7863F-FCF2-4DBC-849B-FA174A67240F}.Production|Mixed Platforms.ActiveCfg = Release|Any CPU
		{DDD7863F-FCF2-4DBC-849B-FA174A67240F}.Production|Mixed Platforms.Build.0 = Release|Any CPU
		{DDD7863F-FCF2-4DBC-849B-FA174A67240F}.Production|x86.ActiveCfg = Release|Any CPU
		{DDD7863F-FCF2-4DBC-849B-FA174A67240F}.Release|.NET.ActiveCfg = Release|Any CPU
		{DDD7863F-FCF2-4DBC-849B-FA174A67240F}.Release|.NET.Build.0 = Release|Any CPU
		{DDD7863F-FCF2-4DBC-849B-FA174A67240F}.Release|Any CPU.ActiveCfg = Release|Any CPU
		{DDD7863F-FCF2-4DBC-849B-FA174A67240F}.Release|Any CPU.Build.0 = Release|Any CPU
		{DDD7863F-FCF2-4DBC-849B-FA174A67240F}.Release|Mixed Platforms.ActiveCfg = Release|Any CPU
		{DDD7863F-FCF2-4DBC-849B-FA174A67240F}.Release|Mixed Platforms.Build.0 = Release|Any CPU
		{DDD7863F-FCF2-4DBC-849B-FA174A67240F}.Release|x86.ActiveCfg = Release|Any CPU
		{93665123-25B5-4FA7-A9C0-D4694AAD8F4F}.Debug__mstuart__02272003_refactoring|.NET.ActiveCfg = Debug|Any CPU
		{93665123-25B5-4FA7-A9C0-D4694AAD8F4F}.Debug__mstuart__02272003_refactoring|Any CPU.ActiveCfg = Debug|Any CPU
		{93665123-25B5-4FA7-A9C0-D4694AAD8F4F}.Debug__mstuart__02272003_refactoring|Any CPU.Build.0 = Debug|Any CPU
		{93665123-25B5-4FA7-A9C0-D4694AAD8F4F}.Debug__mstuart__02272003_refactoring|Mixed Platforms.ActiveCfg = Debug|Any CPU
		{93665123-25B5-4FA7-A9C0-D4694AAD8F4F}.Debug__mstuart__02272003_refactoring|Mixed Platforms.Build.0 = Debug|Any CPU
		{93665123-25B5-4FA7-A9C0-D4694AAD8F4F}.Debug__mstuart__02272003_refactoring|x86.ActiveCfg = Debug|Any CPU
		{93665123-25B5-4FA7-A9C0-D4694AAD8F4F}.Debug|.NET.ActiveCfg = Debug|Any CPU
		{93665123-25B5-4FA7-A9C0-D4694AAD8F4F}.Debug|.NET.Build.0 = Debug|Any CPU
		{93665123-25B5-4FA7-A9C0-D4694AAD8F4F}.Debug|Any CPU.ActiveCfg = Debug|Any CPU
		{93665123-25B5-4FA7-A9C0-D4694AAD8F4F}.Debug|Any CPU.Build.0 = Debug|Any CPU
		{93665123-25B5-4FA7-A9C0-D4694AAD8F4F}.Debug|Mixed Platforms.ActiveCfg = Debug|Any CPU
		{93665123-25B5-4FA7-A9C0-D4694AAD8F4F}.Debug|Mixed Platforms.Build.0 = Debug|Any CPU
		{93665123-25B5-4FA7-A9C0-D4694AAD8F4F}.Debug|x86.ActiveCfg = Debug|Any CPU
		{93665123-25B5-4FA7-A9C0-D4694AAD8F4F}.Production|.NET.ActiveCfg = Release|Any CPU
		{93665123-25B5-4FA7-A9C0-D4694AAD8F4F}.Production|Any CPU.ActiveCfg = Release|Any CPU
		{93665123-25B5-4FA7-A9C0-D4694AAD8F4F}.Production|Any CPU.Build.0 = Release|Any CPU
		{93665123-25B5-4FA7-A9C0-D4694AAD8F4F}.Production|Mixed Platforms.ActiveCfg = Release|Any CPU
		{93665123-25B5-4FA7-A9C0-D4694AAD8F4F}.Production|Mixed Platforms.Build.0 = Release|Any CPU
		{93665123-25B5-4FA7-A9C0-D4694AAD8F4F}.Production|x86.ActiveCfg = Release|Any CPU
		{93665123-25B5-4FA7-A9C0-D4694AAD8F4F}.Release|.NET.ActiveCfg = Release|Any CPU
		{93665123-25B5-4FA7-A9C0-D4694AAD8F4F}.Release|.NET.Build.0 = Release|Any CPU
		{93665123-25B5-4FA7-A9C0-D4694AAD8F4F}.Release|Any CPU.ActiveCfg = Release|Any CPU
		{93665123-25B5-4FA7-A9C0-D4694AAD8F4F}.Release|Any CPU.Build.0 = Release|Any CPU
		{93665123-25B5-4FA7-A9C0-D4694AAD8F4F}.Release|Mixed Platforms.ActiveCfg = Release|Any CPU
		{93665123-25B5-4FA7-A9C0-D4694AAD8F4F}.Release|Mixed Platforms.Build.0 = Release|Any CPU
		{93665123-25B5-4FA7-A9C0-D4694AAD8F4F}.Release|x86.ActiveCfg = Release|Any CPU
		{18C8490C-7B8C-4E98-B32A-C9807DB9552E}.Debug__mstuart__02272003_refactoring|.NET.ActiveCfg = Debug|Any CPU
		{18C8490C-7B8C-4E98-B32A-C9807DB9552E}.Debug__mstuart__02272003_refactoring|Any CPU.ActiveCfg = Debug|Any CPU
		{18C8490C-7B8C-4E98-B32A-C9807DB9552E}.Debug__mstuart__02272003_refactoring|Any CPU.Build.0 = Debug|Any CPU
		{18C8490C-7B8C-4E98-B32A-C9807DB9552E}.Debug__mstuart__02272003_refactoring|Mixed Platforms.ActiveCfg = Debug|Any CPU
		{18C8490C-7B8C-4E98-B32A-C9807DB9552E}.Debug__mstuart__02272003_refactoring|Mixed Platforms.Build.0 = Debug|Any CPU
		{18C8490C-7B8C-4E98-B32A-C9807DB9552E}.Debug__mstuart__02272003_refactoring|x86.ActiveCfg = Debug|Any CPU
		{18C8490C-7B8C-4E98-B32A-C9807DB9552E}.Debug|.NET.ActiveCfg = Debug|Any CPU
		{18C8490C-7B8C-4E98-B32A-C9807DB9552E}.Debug|.NET.Build.0 = Debug|Any CPU
		{18C8490C-7B8C-4E98-B32A-C9807DB9552E}.Debug|Any CPU.ActiveCfg = Debug|Any CPU
		{18C8490C-7B8C-4E98-B32A-C9807DB9552E}.Debug|Any CPU.Build.0 = Debug|Any CPU
		{18C8490C-7B8C-4E98-B32A-C9807DB9552E}.Debug|Mixed Platforms.ActiveCfg = Debug|Any CPU
		{18C8490C-7B8C-4E98-B32A-C9807DB9552E}.Debug|Mixed Platforms.Build.0 = Debug|Any CPU
		{18C8490C-7B8C-4E98-B32A-C9807DB9552E}.Debug|x86.ActiveCfg = Debug|Any CPU
		{18C8490C-7B8C-4E98-B32A-C9807DB9552E}.Production|.NET.ActiveCfg = Release|Any CPU
		{18C8490C-7B8C-4E98-B32A-C9807DB9552E}.Production|Any CPU.ActiveCfg = Release|Any CPU
		{18C8490C-7B8C-4E98-B32A-C9807DB9552E}.Production|Any CPU.Build.0 = Release|Any CPU
		{18C8490C-7B8C-4E98-B32A-C9807DB9552E}.Production|Mixed Platforms.ActiveCfg = Release|Any CPU
		{18C8490C-7B8C-4E98-B32A-C9807DB9552E}.Production|Mixed Platforms.Build.0 = Release|Any CPU
		{18C8490C-7B8C-4E98-B32A-C9807DB9552E}.Production|x86.ActiveCfg = Release|Any CPU
		{18C8490C-7B8C-4E98-B32A-C9807DB9552E}.Release|.NET.ActiveCfg = Release|Any CPU
		{18C8490C-7B8C-4E98-B32A-C9807DB9552E}.Release|.NET.Build.0 = Release|Any CPU
		{18C8490C-7B8C-4E98-B32A-C9807DB9552E}.Release|Any CPU.ActiveCfg = Release|Any CPU
		{18C8490C-7B8C-4E98-B32A-C9807DB9552E}.Release|Any CPU.Build.0 = Release|Any CPU
		{18C8490C-7B8C-4E98-B32A-C9807DB9552E}.Release|Mixed Platforms.ActiveCfg = Release|Any CPU
		{18C8490C-7B8C-4E98-B32A-C9807DB9552E}.Release|Mixed Platforms.Build.0 = Release|Any CPU
		{18C8490C-7B8C-4E98-B32A-C9807DB9552E}.Release|x86.ActiveCfg = Release|Any CPU
		{8E47C656-CAC5-4058-9CCC-1CDC9E3711A7}.Debug__mstuart__02272003_refactoring|.NET.ActiveCfg = Debug|Any CPU
		{8E47C656-CAC5-4058-9CCC-1CDC9E3711A7}.Debug__mstuart__02272003_refactoring|Any CPU.ActiveCfg = Debug|Any CPU
		{8E47C656-CAC5-4058-9CCC-1CDC9E3711A7}.Debug__mstuart__02272003_refactoring|Any CPU.Build.0 = Debug|Any CPU
		{8E47C656-CAC5-4058-9CCC-1CDC9E3711A7}.Debug__mstuart__02272003_refactoring|Mixed Platforms.ActiveCfg = Debug|Any CPU
		{8E47C656-CAC5-4058-9CCC-1CDC9E3711A7}.Debug__mstuart__02272003_refactoring|Mixed Platforms.Build.0 = Debug|Any CPU
		{8E47C656-CAC5-4058-9CCC-1CDC9E3711A7}.Debug__mstuart__02272003_refactoring|x86.ActiveCfg = Debug|Any CPU
		{8E47C656-CAC5-4058-9CCC-1CDC9E3711A7}.Debug|.NET.ActiveCfg = Debug|Any CPU
		{8E47C656-CAC5-4058-9CCC-1CDC9E3711A7}.Debug|.NET.Build.0 = Debug|Any CPU
		{8E47C656-CAC5-4058-9CCC-1CDC9E3711A7}.Debug|Any CPU.ActiveCfg = Debug|Any CPU
		{8E47C656-CAC5-4058-9CCC-1CDC9E3711A7}.Debug|Any CPU.Build.0 = Debug|Any CPU
		{8E47C656-CAC5-4058-9CCC-1CDC9E3711A7}.Debug|Mixed Platforms.ActiveCfg = Debug|Any CPU
		{8E47C656-CAC5-4058-9CCC-1CDC9E3711A7}.Debug|Mixed Platforms.Build.0 = Debug|Any CPU
		{8E47C656-CAC5-4058-9CCC-1CDC9E3711A7}.Debug|x86.ActiveCfg = Debug|Any CPU
		{8E47C656-CAC5-4058-9CCC-1CDC9E3711A7}.Production|.NET.ActiveCfg = Release|Any CPU
		{8E47C656-CAC5-4058-9CCC-1CDC9E3711A7}.Production|Any CPU.ActiveCfg = Release|Any CPU
		{8E47C656-CAC5-4058-9CCC-1CDC9E3711A7}.Production|Any CPU.Build.0 = Release|Any CPU
		{8E47C656-CAC5-4058-9CCC-1CDC9E3711A7}.Production|Mixed Platforms.ActiveCfg = Release|Any CPU
		{8E47C656-CAC5-4058-9CCC-1CDC9E3711A7}.Production|Mixed Platforms.Build.0 = Release|Any CPU
		{8E47C656-CAC5-4058-9CCC-1CDC9E3711A7}.Production|x86.ActiveCfg = Release|Any CPU
		{8E47C656-CAC5-4058-9CCC-1CDC9E3711A7}.Release|.NET.ActiveCfg = Release|Any CPU
		{8E47C656-CAC5-4058-9CCC-1CDC9E3711A7}.Release|.NET.Build.0 = Release|Any CPU
		{8E47C656-CAC5-4058-9CCC-1CDC9E3711A7}.Release|Any CPU.ActiveCfg = Release|Any CPU
		{8E47C656-CAC5-4058-9CCC-1CDC9E3711A7}.Release|Any CPU.Build.0 = Release|Any CPU
		{8E47C656-CAC5-4058-9CCC-1CDC9E3711A7}.Release|Mixed Platforms.ActiveCfg = Release|Any CPU
		{8E47C656-CAC5-4058-9CCC-1CDC9E3711A7}.Release|Mixed Platforms.Build.0 = Release|Any CPU
		{8E47C656-CAC5-4058-9CCC-1CDC9E3711A7}.Release|x86.ActiveCfg = Release|Any CPU
		{FFC07737-BC56-4CD2-9949-C469EA0A1493}.Debug__mstuart__02272003_refactoring|.NET.ActiveCfg = Debug|Any CPU
		{FFC07737-BC56-4CD2-9949-C469EA0A1493}.Debug__mstuart__02272003_refactoring|Any CPU.ActiveCfg = Debug|Any CPU
		{FFC07737-BC56-4CD2-9949-C469EA0A1493}.Debug__mstuart__02272003_refactoring|Any CPU.Build.0 = Debug|Any CPU
		{FFC07737-BC56-4CD2-9949-C469EA0A1493}.Debug__mstuart__02272003_refactoring|Mixed Platforms.ActiveCfg = Debug|Any CPU
		{FFC07737-BC56-4CD2-9949-C469EA0A1493}.Debug__mstuart__02272003_refactoring|Mixed Platforms.Build.0 = Debug|Any CPU
		{FFC07737-BC56-4CD2-9949-C469EA0A1493}.Debug__mstuart__02272003_refactoring|x86.ActiveCfg = Debug|Any CPU
		{FFC07737-BC56-4CD2-9949-C469EA0A1493}.Debug|.NET.ActiveCfg = Debug|Any CPU
		{FFC07737-BC56-4CD2-9949-C469EA0A1493}.Debug|.NET.Build.0 = Debug|Any CPU
		{FFC07737-BC56-4CD2-9949-C469EA0A1493}.Debug|Any CPU.ActiveCfg = Debug|Any CPU
		{FFC07737-BC56-4CD2-9949-C469EA0A1493}.Debug|Any CPU.Build.0 = Debug|Any CPU
		{FFC07737-BC56-4CD2-9949-C469EA0A1493}.Debug|Mixed Platforms.ActiveCfg = Debug|Any CPU
		{FFC07737-BC56-4CD2-9949-C469EA0A1493}.Debug|Mixed Platforms.Build.0 = Debug|Any CPU
		{FFC07737-BC56-4CD2-9949-C469EA0A1493}.Debug|x86.ActiveCfg = Debug|Any CPU
		{FFC07737-BC56-4CD2-9949-C469EA0A1493}.Production|.NET.ActiveCfg = Release|Any CPU
		{FFC07737-BC56-4CD2-9949-C469EA0A1493}.Production|Any CPU.ActiveCfg = Release|Any CPU
		{FFC07737-BC56-4CD2-9949-C469EA0A1493}.Production|Any CPU.Build.0 = Release|Any CPU
		{FFC07737-BC56-4CD2-9949-C469EA0A1493}.Production|Mixed Platforms.ActiveCfg = Release|Any CPU
		{FFC07737-BC56-4CD2-9949-C469EA0A1493}.Production|Mixed Platforms.Build.0 = Release|Any CPU
		{FFC07737-BC56-4CD2-9949-C469EA0A1493}.Production|x86.ActiveCfg = Release|Any CPU
		{FFC07737-BC56-4CD2-9949-C469EA0A1493}.Release|.NET.ActiveCfg = Release|Any CPU
		{FFC07737-BC56-4CD2-9949-C469EA0A1493}.Release|.NET.Build.0 = Release|Any CPU
		{FFC07737-BC56-4CD2-9949-C469EA0A1493}.Release|Any CPU.ActiveCfg = Release|Any CPU
		{FFC07737-BC56-4CD2-9949-C469EA0A1493}.Release|Any CPU.Build.0 = Release|Any CPU
		{FFC07737-BC56-4CD2-9949-C469EA0A1493}.Release|Mixed Platforms.ActiveCfg = Release|Any CPU
		{FFC07737-BC56-4CD2-9949-C469EA0A1493}.Release|Mixed Platforms.Build.0 = Release|Any CPU
		{FFC07737-BC56-4CD2-9949-C469EA0A1493}.Release|x86.ActiveCfg = Release|Any CPU
		{289EF4E0-AA51-4FF7-A2A2-74AEAC3FB6C8}.Debug__mstuart__02272003_refactoring|.NET.ActiveCfg = Debug|Any CPU
		{289EF4E0-AA51-4FF7-A2A2-74AEAC3FB6C8}.Debug__mstuart__02272003_refactoring|Any CPU.ActiveCfg = Debug|Any CPU
		{289EF4E0-AA51-4FF7-A2A2-74AEAC3FB6C8}.Debug__mstuart__02272003_refactoring|Any CPU.Build.0 = Debug|Any CPU
		{289EF4E0-AA51-4FF7-A2A2-74AEAC3FB6C8}.Debug__mstuart__02272003_refactoring|Mixed Platforms.ActiveCfg = Debug|Any CPU
		{289EF4E0-AA51-4FF7-A2A2-74AEAC3FB6C8}.Debug__mstuart__02272003_refactoring|Mixed Platforms.Build.0 = Debug|Any CPU
		{289EF4E0-AA51-4FF7-A2A2-74AEAC3FB6C8}.Debug__mstuart__02272003_refactoring|x86.ActiveCfg = Debug|Any CPU
		{289EF4E0-AA51-4FF7-A2A2-74AEAC3FB6C8}.Debug|.NET.ActiveCfg = Debug|Any CPU
		{289EF4E0-AA51-4FF7-A2A2-74AEAC3FB6C8}.Debug|Any CPU.ActiveCfg = Debug|Any CPU
		{289EF4E0-AA51-4FF7-A2A2-74AEAC3FB6C8}.Debug|Any CPU.Build.0 = Debug|Any CPU
		{289EF4E0-AA51-4FF7-A2A2-74AEAC3FB6C8}.Debug|Mixed Platforms.ActiveCfg = Debug|Any CPU
		{289EF4E0-AA51-4FF7-A2A2-74AEAC3FB6C8}.Debug|Mixed Platforms.Build.0 = Debug|Any CPU
		{289EF4E0-AA51-4FF7-A2A2-74AEAC3FB6C8}.Debug|x86.ActiveCfg = Debug|Any CPU
		{289EF4E0-AA51-4FF7-A2A2-74AEAC3FB6C8}.Production|.NET.ActiveCfg = Debug|Any CPU
		{289EF4E0-AA51-4FF7-A2A2-74AEAC3FB6C8}.Production|Any CPU.ActiveCfg = Debug|Any CPU
		{289EF4E0-AA51-4FF7-A2A2-74AEAC3FB6C8}.Production|Any CPU.Build.0 = Debug|Any CPU
		{289EF4E0-AA51-4FF7-A2A2-74AEAC3FB6C8}.Production|Mixed Platforms.ActiveCfg = Debug|Any CPU
		{289EF4E0-AA51-4FF7-A2A2-74AEAC3FB6C8}.Production|Mixed Platforms.Build.0 = Debug|Any CPU
		{289EF4E0-AA51-4FF7-A2A2-74AEAC3FB6C8}.Production|x86.ActiveCfg = Debug|Any CPU
		{289EF4E0-AA51-4FF7-A2A2-74AEAC3FB6C8}.Release|.NET.ActiveCfg = Debug|Any CPU
		{289EF4E0-AA51-4FF7-A2A2-74AEAC3FB6C8}.Release|Any CPU.ActiveCfg = Debug|Any CPU
		{289EF4E0-AA51-4FF7-A2A2-74AEAC3FB6C8}.Release|Any CPU.Build.0 = Debug|Any CPU
		{289EF4E0-AA51-4FF7-A2A2-74AEAC3FB6C8}.Release|Mixed Platforms.ActiveCfg = Debug|Any CPU
		{289EF4E0-AA51-4FF7-A2A2-74AEAC3FB6C8}.Release|Mixed Platforms.Build.0 = Debug|Any CPU
		{289EF4E0-AA51-4FF7-A2A2-74AEAC3FB6C8}.Release|x86.ActiveCfg = Debug|Any CPU
		{E0AB2D43-550C-4041-AFA4-04D261718A2F}.Debug__mstuart__02272003_refactoring|.NET.ActiveCfg = Debug|Any CPU
		{E0AB2D43-550C-4041-AFA4-04D261718A2F}.Debug__mstuart__02272003_refactoring|.NET.Build.0 = Debug|Any CPU
		{E0AB2D43-550C-4041-AFA4-04D261718A2F}.Debug__mstuart__02272003_refactoring|Any CPU.ActiveCfg = Debug|Any CPU
		{E0AB2D43-550C-4041-AFA4-04D261718A2F}.Debug__mstuart__02272003_refactoring|Any CPU.Build.0 = Debug|Any CPU
		{E0AB2D43-550C-4041-AFA4-04D261718A2F}.Debug__mstuart__02272003_refactoring|Mixed Platforms.ActiveCfg = Debug|Any CPU
		{E0AB2D43-550C-4041-AFA4-04D261718A2F}.Debug__mstuart__02272003_refactoring|Mixed Platforms.Build.0 = Debug|Any CPU
		{E0AB2D43-550C-4041-AFA4-04D261718A2F}.Debug__mstuart__02272003_refactoring|x86.ActiveCfg = Debug|Any CPU
		{E0AB2D43-550C-4041-AFA4-04D261718A2F}.Debug__mstuart__02272003_refactoring|x86.Build.0 = Debug|Any CPU
		{E0AB2D43-550C-4041-AFA4-04D261718A2F}.Debug|.NET.ActiveCfg = Debug|Any CPU
		{E0AB2D43-550C-4041-AFA4-04D261718A2F}.Debug|.NET.Build.0 = Debug|Any CPU
		{E0AB2D43-550C-4041-AFA4-04D261718A2F}.Debug|Any CPU.ActiveCfg = Debug|Any CPU
		{E0AB2D43-550C-4041-AFA4-04D261718A2F}.Debug|Any CPU.Build.0 = Debug|Any CPU
		{E0AB2D43-550C-4041-AFA4-04D261718A2F}.Debug|Mixed Platforms.ActiveCfg = Debug|Any CPU
		{E0AB2D43-550C-4041-AFA4-04D261718A2F}.Debug|Mixed Platforms.Build.0 = Debug|Any CPU
		{E0AB2D43-550C-4041-AFA4-04D261718A2F}.Debug|x86.ActiveCfg = Debug|Any CPU
		{E0AB2D43-550C-4041-AFA4-04D261718A2F}.Debug|x86.Build.0 = Debug|Any CPU
		{E0AB2D43-550C-4041-AFA4-04D261718A2F}.Production|.NET.ActiveCfg = Release|Any CPU
		{E0AB2D43-550C-4041-AFA4-04D261718A2F}.Production|.NET.Build.0 = Release|Any CPU
		{E0AB2D43-550C-4041-AFA4-04D261718A2F}.Production|Any CPU.ActiveCfg = Release|Any CPU
		{E0AB2D43-550C-4041-AFA4-04D261718A2F}.Production|Any CPU.Build.0 = Release|Any CPU
		{E0AB2D43-550C-4041-AFA4-04D261718A2F}.Production|Mixed Platforms.ActiveCfg = Release|Any CPU
		{E0AB2D43-550C-4041-AFA4-04D261718A2F}.Production|Mixed Platforms.Build.0 = Release|Any CPU
		{E0AB2D43-550C-4041-AFA4-04D261718A2F}.Production|x86.ActiveCfg = Release|Any CPU
		{E0AB2D43-550C-4041-AFA4-04D261718A2F}.Production|x86.Build.0 = Release|Any CPU
		{E0AB2D43-550C-4041-AFA4-04D261718A2F}.Release|.NET.ActiveCfg = Release|Any CPU
		{E0AB2D43-550C-4041-AFA4-04D261718A2F}.Release|.NET.Build.0 = Release|Any CPU
		{E0AB2D43-550C-4041-AFA4-04D261718A2F}.Release|Any CPU.ActiveCfg = Release|Any CPU
		{E0AB2D43-550C-4041-AFA4-04D261718A2F}.Release|Any CPU.Build.0 = Release|Any CPU
		{E0AB2D43-550C-4041-AFA4-04D261718A2F}.Release|Mixed Platforms.ActiveCfg = Release|Any CPU
		{E0AB2D43-550C-4041-AFA4-04D261718A2F}.Release|Mixed Platforms.Build.0 = Release|Any CPU
		{E0AB2D43-550C-4041-AFA4-04D261718A2F}.Release|x86.ActiveCfg = Release|Any CPU
		{E0AB2D43-550C-4041-AFA4-04D261718A2F}.Release|x86.Build.0 = Release|Any CPU
		{9DF7769F-5CC6-4BE7-844A-F8F0C5459330}.Debug__mstuart__02272003_refactoring|.NET.ActiveCfg = Debug|Any CPU
		{9DF7769F-5CC6-4BE7-844A-F8F0C5459330}.Debug__mstuart__02272003_refactoring|.NET.Build.0 = Debug|Any CPU
		{9DF7769F-5CC6-4BE7-844A-F8F0C5459330}.Debug__mstuart__02272003_refactoring|.NET.Deploy.0 = Debug|Any CPU
		{9DF7769F-5CC6-4BE7-844A-F8F0C5459330}.Debug__mstuart__02272003_refactoring|Any CPU.ActiveCfg = Debug|Any CPU
		{9DF7769F-5CC6-4BE7-844A-F8F0C5459330}.Debug__mstuart__02272003_refactoring|Any CPU.Build.0 = Debug|Any CPU
		{9DF7769F-5CC6-4BE7-844A-F8F0C5459330}.Debug__mstuart__02272003_refactoring|Any CPU.Deploy.0 = Debug|Any CPU
		{9DF7769F-5CC6-4BE7-844A-F8F0C5459330}.Debug__mstuart__02272003_refactoring|Mixed Platforms.ActiveCfg = Debug|Any CPU
		{9DF7769F-5CC6-4BE7-844A-F8F0C5459330}.Debug__mstuart__02272003_refactoring|Mixed Platforms.Build.0 = Debug|Any CPU
		{9DF7769F-5CC6-4BE7-844A-F8F0C5459330}.Debug__mstuart__02272003_refactoring|Mixed Platforms.Deploy.0 = Debug|Any CPU
		{9DF7769F-5CC6-4BE7-844A-F8F0C5459330}.Debug__mstuart__02272003_refactoring|x86.ActiveCfg = Debug|Any CPU
		{9DF7769F-5CC6-4BE7-844A-F8F0C5459330}.Debug__mstuart__02272003_refactoring|x86.Build.0 = Debug|Any CPU
		{9DF7769F-5CC6-4BE7-844A-F8F0C5459330}.Debug__mstuart__02272003_refactoring|x86.Deploy.0 = Debug|Any CPU
		{9DF7769F-5CC6-4BE7-844A-F8F0C5459330}.Debug|.NET.ActiveCfg = Debug|Any CPU
		{9DF7769F-5CC6-4BE7-844A-F8F0C5459330}.Debug|.NET.Build.0 = Debug|Any CPU
		{9DF7769F-5CC6-4BE7-844A-F8F0C5459330}.Debug|.NET.Deploy.0 = Debug|Any CPU
		{9DF7769F-5CC6-4BE7-844A-F8F0C5459330}.Debug|Any CPU.ActiveCfg = Debug|Any CPU
		{9DF7769F-5CC6-4BE7-844A-F8F0C5459330}.Debug|Any CPU.Build.0 = Debug|Any CPU
		{9DF7769F-5CC6-4BE7-844A-F8F0C5459330}.Debug|Any CPU.Deploy.0 = Debug|Any CPU
		{9DF7769F-5CC6-4BE7-844A-F8F0C5459330}.Debug|Mixed Platforms.ActiveCfg = Debug|Any CPU
		{9DF7769F-5CC6-4BE7-844A-F8F0C5459330}.Debug|Mixed Platforms.Build.0 = Debug|Any CPU
		{9DF7769F-5CC6-4BE7-844A-F8F0C5459330}.Debug|Mixed Platforms.Deploy.0 = Debug|Any CPU
		{9DF7769F-5CC6-4BE7-844A-F8F0C5459330}.Debug|x86.ActiveCfg = Debug|Any CPU
		{9DF7769F-5CC6-4BE7-844A-F8F0C5459330}.Debug|x86.Build.0 = Debug|Any CPU
		{9DF7769F-5CC6-4BE7-844A-F8F0C5459330}.Debug|x86.Deploy.0 = Debug|Any CPU
		{9DF7769F-5CC6-4BE7-844A-F8F0C5459330}.Production|.NET.ActiveCfg = Debug|Any CPU
		{9DF7769F-5CC6-4BE7-844A-F8F0C5459330}.Production|.NET.Build.0 = Debug|Any CPU
		{9DF7769F-5CC6-4BE7-844A-F8F0C5459330}.Production|.NET.Deploy.0 = Debug|Any CPU
		{9DF7769F-5CC6-4BE7-844A-F8F0C5459330}.Production|Any CPU.ActiveCfg = Debug|Any CPU
		{9DF7769F-5CC6-4BE7-844A-F8F0C5459330}.Production|Any CPU.Build.0 = Debug|Any CPU
		{9DF7769F-5CC6-4BE7-844A-F8F0C5459330}.Production|Any CPU.Deploy.0 = Debug|Any CPU
		{9DF7769F-5CC6-4BE7-844A-F8F0C5459330}.Production|Mixed Platforms.ActiveCfg = Debug|Any CPU
		{9DF7769F-5CC6-4BE7-844A-F8F0C5459330}.Production|Mixed Platforms.Build.0 = Debug|Any CPU
		{9DF7769F-5CC6-4BE7-844A-F8F0C5459330}.Production|Mixed Platforms.Deploy.0 = Debug|Any CPU
		{9DF7769F-5CC6-4BE7-844A-F8F0C5459330}.Production|x86.ActiveCfg = Debug|Any CPU
		{9DF7769F-5CC6-4BE7-844A-F8F0C5459330}.Production|x86.Build.0 = Debug|Any CPU
		{9DF7769F-5CC6-4BE7-844A-F8F0C5459330}.Production|x86.Deploy.0 = Debug|Any CPU
		{9DF7769F-5CC6-4BE7-844A-F8F0C5459330}.Release|.NET.ActiveCfg = Release|Any CPU
		{9DF7769F-5CC6-4BE7-844A-F8F0C5459330}.Release|.NET.Build.0 = Release|Any CPU
		{9DF7769F-5CC6-4BE7-844A-F8F0C5459330}.Release|.NET.Deploy.0 = Release|Any CPU
		{9DF7769F-5CC6-4BE7-844A-F8F0C5459330}.Release|Any CPU.ActiveCfg = Release|Any CPU
		{9DF7769F-5CC6-4BE7-844A-F8F0C5459330}.Release|Any CPU.Build.0 = Release|Any CPU
		{9DF7769F-5CC6-4BE7-844A-F8F0C5459330}.Release|Any CPU.Deploy.0 = Release|Any CPU
		{9DF7769F-5CC6-4BE7-844A-F8F0C5459330}.Release|Mixed Platforms.ActiveCfg = Release|Any CPU
		{9DF7769F-5CC6-4BE7-844A-F8F0C5459330}.Release|Mixed Platforms.Build.0 = Release|Any CPU
		{9DF7769F-5CC6-4BE7-844A-F8F0C5459330}.Release|Mixed Platforms.Deploy.0 = Release|Any CPU
		{9DF7769F-5CC6-4BE7-844A-F8F0C5459330}.Release|x86.ActiveCfg = Release|Any CPU
		{9DF7769F-5CC6-4BE7-844A-F8F0C5459330}.Release|x86.Build.0 = Release|Any CPU
		{9DF7769F-5CC6-4BE7-844A-F8F0C5459330}.Release|x86.Deploy.0 = Release|Any CPU
		{3DA77959-17D5-48A5-8262-E8AF5968391F}.Debug__mstuart__02272003_refactoring|.NET.ActiveCfg = Debug|Any CPU
		{3DA77959-17D5-48A5-8262-E8AF5968391F}.Debug__mstuart__02272003_refactoring|.NET.Build.0 = Debug|Any CPU
		{3DA77959-17D5-48A5-8262-E8AF5968391F}.Debug__mstuart__02272003_refactoring|Any CPU.ActiveCfg = Debug|Any CPU
		{3DA77959-17D5-48A5-8262-E8AF5968391F}.Debug__mstuart__02272003_refactoring|Any CPU.Build.0 = Debug|Any CPU
		{3DA77959-17D5-48A5-8262-E8AF5968391F}.Debug__mstuart__02272003_refactoring|Mixed Platforms.ActiveCfg = Debug|Any CPU
		{3DA77959-17D5-48A5-8262-E8AF5968391F}.Debug__mstuart__02272003_refactoring|Mixed Platforms.Build.0 = Debug|Any CPU
		{3DA77959-17D5-48A5-8262-E8AF5968391F}.Debug__mstuart__02272003_refactoring|x86.ActiveCfg = Debug|Any CPU
		{3DA77959-17D5-48A5-8262-E8AF5968391F}.Debug__mstuart__02272003_refactoring|x86.Build.0 = Debug|Any CPU
		{3DA77959-17D5-48A5-8262-E8AF5968391F}.Debug|.NET.ActiveCfg = Debug|Any CPU
		{3DA77959-17D5-48A5-8262-E8AF5968391F}.Debug|.NET.Build.0 = Debug|Any CPU
		{3DA77959-17D5-48A5-8262-E8AF5968391F}.Debug|Any CPU.ActiveCfg = Debug|Any CPU
		{3DA77959-17D5-48A5-8262-E8AF5968391F}.Debug|Any CPU.Build.0 = Debug|Any CPU
		{3DA77959-17D5-48A5-8262-E8AF5968391F}.Debug|Mixed Platforms.ActiveCfg = Debug|Any CPU
		{3DA77959-17D5-48A5-8262-E8AF5968391F}.Debug|Mixed Platforms.Build.0 = Debug|Any CPU
		{3DA77959-17D5-48A5-8262-E8AF5968391F}.Debug|x86.ActiveCfg = Debug|Any CPU
		{3DA77959-17D5-48A5-8262-E8AF5968391F}.Debug|x86.Build.0 = Debug|Any CPU
		{3DA77959-17D5-48A5-8262-E8AF5968391F}.Production|.NET.ActiveCfg = Release|Any CPU
		{3DA77959-17D5-48A5-8262-E8AF5968391F}.Production|.NET.Build.0 = Release|Any CPU
		{3DA77959-17D5-48A5-8262-E8AF5968391F}.Production|Any CPU.ActiveCfg = Release|Any CPU
		{3DA77959-17D5-48A5-8262-E8AF5968391F}.Production|Any CPU.Build.0 = Release|Any CPU
		{3DA77959-17D5-48A5-8262-E8AF5968391F}.Production|Mixed Platforms.ActiveCfg = Release|Any CPU
		{3DA77959-17D5-48A5-8262-E8AF5968391F}.Production|Mixed Platforms.Build.0 = Release|Any CPU
		{3DA77959-17D5-48A5-8262-E8AF5968391F}.Production|x86.ActiveCfg = Release|Any CPU
		{3DA77959-17D5-48A5-8262-E8AF5968391F}.Production|x86.Build.0 = Release|Any CPU
		{3DA77959-17D5-48A5-8262-E8AF5968391F}.Release|.NET.ActiveCfg = Release|Any CPU
		{3DA77959-17D5-48A5-8262-E8AF5968391F}.Release|.NET.Build.0 = Release|Any CPU
		{3DA77959-17D5-48A5-8262-E8AF5968391F}.Release|Any CPU.ActiveCfg = Release|Any CPU
		{3DA77959-17D5-48A5-8262-E8AF5968391F}.Release|Any CPU.Build.0 = Release|Any CPU
		{3DA77959-17D5-48A5-8262-E8AF5968391F}.Release|Mixed Platforms.ActiveCfg = Release|Any CPU
		{3DA77959-17D5-48A5-8262-E8AF5968391F}.Release|Mixed Platforms.Build.0 = Release|Any CPU
		{3DA77959-17D5-48A5-8262-E8AF5968391F}.Release|x86.ActiveCfg = Release|Any CPU
		{3DA77959-17D5-48A5-8262-E8AF5968391F}.Release|x86.Build.0 = Release|Any CPU
	EndGlobalSection
	GlobalSection(SolutionProperties) = preSolution
		HideSolutionNode = FALSE
	EndGlobalSection
	GlobalSection(NestedProjects) = preSolution
		{48895090-6F3A-4F9B-BF47-BA566E650326} = {F24BF433-425B-4199-8C03-41FC64DBE764}
	EndGlobalSection
EndGlobal
